
Microsoft Visual Studio Solution File, Format Version 12.00
# Visual Studio Version 17
VisualStudioVersion = 17.11.35312.102
MinimumVisualStudioVersion = 10.0.40219.1
Project("{2150E333-8FDC-42A3-9474-1A3956D46DE8}") = "Application", "Application", "{72E9F511-EBF4-4511-8070-3097409102C1}"
EndProject
Project("{2150E333-8FDC-42A3-9474-1A3956D46DE8}") = "Domain", "Domain", "{78C91108-550D-4AFE-AEBC-74685E268C80}"
EndProject
Project("{2150E333-8FDC-42A3-9474-1A3956D46DE8}") = "Infra.Data", "Infra.Data", "{9680E19C-E02B-4F54-A617-7AAD4434C63F}"
EndProject
Project("{2150E333-8FDC-42A3-9474-1A3956D46DE8}") = "Infra.Ioc", "Infra.Ioc", "{7D49797A-34E8-44B3-8915-9C4B3C783D9C}"
EndProject
Project("{2150E333-8FDC-42A3-9474-1A3956D46DE8}") = "Presentation", "Presentation", "{0303AA91-4258-427B-9A23-BED378A5E26F}"
EndProject
Project("{9A19103F-16F7-4668-BE54-9A1E7A4F7556}") = "Learning.Application", "Learning.Application\Learning.Application.csproj", "{EB5B9850-3CD9-4168-A5EF-A9824675AA16}"
EndProject
Project("{9A19103F-16F7-4668-BE54-9A1E7A4F7556}") = "Learning.Domain", "Learning.Domain\Learning.Domain.csproj", "{C6AAA145-47D2-40B2-96F3-12737F09C5F7}"
EndProject
Project("{9A19103F-16F7-4668-BE54-9A1E7A4F7556}") = "Learning.Infra.Data", "Learning.Infra.Data\Learning.Infra.Data.csproj", "{D0125FB8-D433-43A8-9230-3432B75E744A}"
EndProject
Project("{9A19103F-16F7-4668-BE54-9A1E7A4F7556}") = "Learning.Infra.Ioc", "Learning.Infra.Ioc\Learning.Infra.Ioc.csproj", "{719AB245-59A8-4944-A5A4-67F7FBFD74DC}"
EndProject
Project("{9A19103F-16F7-4668-BE54-9A1E7A4F7556}") = "Learning.Mvc", "Learning.Mvc\Learning.Mvc.csproj", "{087B92E7-8272-4AD3-91B6-B41BB86AB84C}"
EndProject
Global
	GlobalSection(SolutionConfigurationPlatforms) = preSolution
		Debug|Any CPU = Debug|Any CPU
		Release|Any CPU = Release|Any CPU
	EndGlobalSection
	GlobalSection(ProjectConfigurationPlatforms) = postSolution
		{EB5B9850-3CD9-4168-A5EF-A9824675AA16}.Debug|Any CPU.ActiveCfg = Debug|Any CPU
		{EB5B9850-3CD9-4168-A5EF-A9824675AA16}.Debug|Any CPU.Build.0 = Debug|Any CPU
		{EB5B9850-3CD9-4168-A5EF-A9824675AA16}.Release|Any CPU.ActiveCfg = Release|Any CPU
		{EB5B9850-3CD9-4168-A5EF-A9824675AA16}.Release|Any CPU.Build.0 = Release|Any CPU
		{C6AAA145-47D2-40B2-96F3-12737F09C5F7}.Debug|Any CPU.ActiveCfg = Debug|Any CPU
		{C6AAA145-47D2-40B2-96F3-12737F09C5F7}.Debug|Any CPU.Build.0 = Debug|Any CPU
		{C6AAA145-47D2-40B2-96F3-12737F09C5F7}.Release|Any CPU.ActiveCfg = Release|Any CPU
		{C6AAA145-47D2-40B2-96F3-12737F09C5F7}.Release|Any CPU.Build.0 = Release|Any CPU
		{D0125FB8-D433-43A8-9230-3432B75E744A}.Debug|Any CPU.ActiveCfg = Debug|Any CPU
		{D0125FB8-D433-43A8-9230-3432B75E744A}.Debug|Any CPU.Build.0 = Debug|Any CPU
		{D0125FB8-D433-43A8-9230-3432B75E744A}.Release|Any CPU.ActiveCfg = Release|Any CPU
		{D0125FB8-D433-43A8-9230-3432B75E744A}.Release|Any CPU.Build.0 = Release|Any CPU
		{719AB245-59A8-4944-A5A4-67F7FBFD74DC}.Debug|Any CPU.ActiveCfg = Debug|Any CPU
		{719AB245-59A8-4944-A5A4-67F7FBFD74DC}.Debug|Any CPU.Build.0 = Debug|Any CPU
		{719AB245-59A8-4944-A5A4-67F7FBFD74DC}.Release|Any CPU.ActiveCfg = Release|Any CPU
		{719AB245-59A8-4944-A5A4-67F7FBFD74DC}.Release|Any CPU.Build.0 = Release|Any CPU
		{087B92E7-8272-4AD3-91B6-B41BB86AB84C}.Debug|Any CPU.ActiveCfg = Debug|Any CPU
		{087B92E7-8272-4AD3-91B6-B41BB86AB84C}.Debug|Any CPU.Build.0 = Debug|Any CPU
		{087B92E7-8272-4AD3-91B6-B41BB86AB84C}.Release|Any CPU.ActiveCfg = Release|Any CPU
		{087B92E7-8272-4AD3-91B6-B41BB86AB84C}.Release|Any CPU.Build.0 = Release|Any CPU
	EndGlobalSection
	GlobalSection(SolutionProperties) = preSolution
		HideSolutionNode = FALSE
	EndGlobalSection
	GlobalSection(NestedProjects) = preSolution
		{EB5B9850-3CD9-4168-A5EF-A9824675AA16} = {72E9F511-EBF4-4511-8070-3097409102C1}
		{C6AAA145-47D2-40B2-96F3-12737F09C5F7} = {78C91108-550D-4AFE-AEBC-74685E268C80}
		{D0125FB8-D433-43A8-9230-3432B75E744A} = {9680E19C-E02B-4F54-A617-7AAD4434C63F}
		{719AB245-59A8-4944-A5A4-67F7FBFD74DC} = {7D49797A-34E8-44B3-8915-9C4B3C783D9C}
		{087B92E7-8272-4AD3-91B6-B41BB86AB84C} = {0303AA91-4258-427B-9A23-BED378A5E26F}
	EndGlobalSection
	GlobalSection(ExtensibilityGlobals) = postSolution
		SolutionGuid = {CD88EC79-3508-43E4-AABB-C17BEB006941}
	EndGlobalSection
EndGlobal
